{
  "name": "dotnet-tool-restore",
  "version": "1.0.0",
  "lockfileVersion": 3,
  "requires": true,
  "packages": {
    "": {
      "version": "1.0.0",
      "license": "MIT",
      "dependencies": {
        "@actions/core": "^1.10.1",
        "@actions/exec": "^1.1.1",
        "@actions/io": "^1.1.2"
      },
      "devDependencies": {
        "@types/node": "^22.13.10",
        "@vercel/ncc": "^0.38.3",
        "typescript": "^5.0.4"
      }
    },
    "node_modules/@actions/core": {
      "version": "1.10.1",
      "resolved": "https://registry.npmjs.org/@actions/core/-/core-1.10.1.tgz",
      "integrity": "sha512-3lBR9EDAY+iYIpTnTIXmWcNbX3T2kCkAEQGIQx4NVQ0575nk2k3GRZDTPQG+vVtS2izSLmINlxXf0uLtnrTP+g==",
      "dependencies": {
        "@actions/http-client": "^2.0.1",
        "uuid": "^8.3.2"
      }
    },
    "node_modules/@actions/exec": {
      "version": "1.1.1",
      "resolved": "https://registry.npmjs.org/@actions/exec/-/exec-1.1.1.tgz",
      "integrity": "sha512-+sCcHHbVdk93a0XT19ECtO/gIXoxvdsgQLzb2fE2/5sIZmWQuluYyjPQtrtTHdU1YzTZ7bAPN4sITq2xi1679w==",
      "dependencies": {
        "@actions/io": "^1.0.1"
      }
    },
    "node_modules/@actions/http-client": {
      "version": "2.1.1",
      "resolved": "https://registry.npmjs.org/@actions/http-client/-/http-client-2.1.1.tgz",
      "integrity": "sha512-qhrkRMB40bbbLo7gF+0vu+X+UawOvQQqNAA/5Unx774RS8poaOhThDOG6BGmxvAnxhQnDp2BG/ZUm65xZILTpw==",
      "dependencies": {
        "tunnel": "^0.0.6"
      }
    },
    "node_modules/@actions/io": {
      "version": "1.1.2",
      "resolved": "https://registry.npmjs.org/@actions/io/-/io-1.1.2.tgz",
      "integrity": "sha512-d+RwPlMp+2qmBfeLYPLXuSRykDIFEwdTA0MMxzS9kh4kvP1ftrc/9fzy6pX6qAjthdXruHQ6/6kjT/DNo5ALuw=="
    },
    "node_modules/@types/node": {
      "version": "22.13.10",
      "resolved": "https://registry.npmjs.org/@types/node/-/node-22.13.10.tgz",
      "integrity": "sha512-I6LPUvlRH+O6VRUqYOcMudhaIdUVWfsjnZavnsraHvpBwaEyMN29ry+0UVJhImYL16xsscu0aske3yA+uPOWfw==",
      "dev": true,
      "license": "MIT",
      "dependencies": {
        "undici-types": "~6.20.0"
      }
    },
    "node_modules/@vercel/ncc": {
      "version": "0.38.3",
      "resolved": "https://registry.npmjs.org/@vercel/ncc/-/ncc-0.38.3.tgz",
      "integrity": "sha512-rnK6hJBS6mwc+Bkab+PGPs9OiS0i/3kdTO+CkI8V0/VrW3vmz7O2Pxjw/owOlmo6PKEIxRSeZKv/kuL9itnpYA==",
      "dev": true,
      "bin": {
        "ncc": "dist/ncc/cli.js"
      }
    },
    "node_modules/tunnel": {
      "version": "0.0.6",
      "resolved": "https://registry.npmjs.org/tunnel/-/tunnel-0.0.6.tgz",
      "integrity": "sha512-1h/Lnq9yajKY2PEbBadPXj3VxsDDu844OnaAo52UVmIzIvwwtBPIuNvkjuzBlTWpfJyUbG3ez0KSBibQkj4ojg==",
      "engines": {
        "node": ">=0.6.11 <=0.7.0 || >=0.7.3"
      }
    },
    "node_modules/typescript": {
      "version": "5.0.4",
      "resolved": "https://registry.npmjs.org/typescript/-/typescript-5.0.4.tgz",
      "integrity": "sha512-cW9T5W9xY37cc+jfEnaUvX91foxtHkza3Nw3wkoF4sSlKn0MONdkdEndig/qPBWXNkmplh3NzayQzCiHM4/hqw==",
      "dev": true,
      "bin": {
        "tsc": "bin/tsc",
        "tsserver": "bin/tsserver"
      },
      "engines": {
        "node": ">=12.20"
      }
    },
    "node_modules/undici-types": {
      "version": "6.20.0",
      "resolved": "https://registry.npmjs.org/undici-types/-/undici-types-6.20.0.tgz",
      "integrity": "sha512-Ny6QZ2Nju20vw1SRHe3d9jVu6gJ+4e3+MMpqu7pqE5HT6WsTSlce++GQmK5UXS8mzV8DSYHrQH+Xrf2jVcuKNg==",
      "dev": true,
      "license": "MIT"
    },
    "node_modules/uuid": {
      "version": "8.3.2",
      "resolved": "https://registry.npmjs.org/uuid/-/uuid-8.3.2.tgz",
      "integrity": "sha512-+NYs2QeMWy+GWFOEm9xnn6HCDp0l7QBD7ml8zLUmJ+93Q5NF0NocErnwkTkXVFNiX3/fpC6afS8Dhb/gz7R7eg==",
      "bin": {
        "uuid": "dist/bin/uuid"
      }
    }
  }
}
